
Microsoft Visual Studio Solution File, Format Version 12.00
# Visual Studio 2015
Project("{FAE04EC0-301F-11D3-BF4B-00C04F79EFBC}") = "Ballmania", "Ballmania.csproj", "{903772FB-A969-5B85-EFFA-70BBB8C3992E}"
EndProject
Project("{FAE04EC0-301F-11D3-BF4B-00C04F79EFBC}") = "Ballmania.Editor", "Ballmania.Editor.csproj", "{BBF47B44-15B1-CDC8-CC19-E0F102EC1CF4}"
EndProject
Global
	GlobalSection(SolutionConfigurationPlatforms) = preSolution
		Debug|Any CPU = Debug|Any CPU
		Release|Any CPU = Release|Any CPU
	EndGlobalSection
	GlobalSection(ProjectConfigurationPlatforms) = postSolution
		{903772FB-A969-5B85-EFFA-70BBB8C3992E}.Debug|Any CPU.ActiveCfg = Debug|Any CPU
		{903772FB-A969-5B85-EFFA-70BBB8C3992E}.Debug|Any CPU.Build.0 = Debug|Any CPU
		{903772FB-A969-5B85-EFFA-70BBB8C3992E}.Release|Any CPU.ActiveCfg = Release|Any CPU
		{903772FB-A969-5B85-EFFA-70BBB8C3992E}.Release|Any CPU.Build.0 = Release|Any CPU
		{BBF47B44-15B1-CDC8-CC19-E0F102EC1CF4}.Debug|Any CPU.ActiveCfg = Debug|Any CPU
		{BBF47B44-15B1-CDC8-CC19-E0F102EC1CF4}.Debug|Any CPU.Build.0 = Debug|Any CPU
		{BBF47B44-15B1-CDC8-CC19-E0F102EC1CF4}.Release|Any CPU.ActiveCfg = Release|Any CPU
		{BBF47B44-15B1-CDC8-CC19-E0F102EC1CF4}.Release|Any CPU.Build.0 = Release|Any CPU
	EndGlobalSection
	GlobalSection(SolutionProperties) = preSolution
		HideSolutionNode = FALSE
	EndGlobalSection
EndGlobal
